
Microsoft Visual Studio Solution File, Format Version 12.00
# Visual Studio Version 17
VisualStudioVersion = 17.14.36511.14 d17.14
MinimumVisualStudioVersion = 10.0.40219.1
Project("{FAE04EC0-301F-11D3-BF4B-00C04F79EFBC}") = "training", "training.csproj", "{3F69FFCC-E9DB-425B-BC1C-0F65E660401F}"
EndProject
Global
	GlobalSection(SolutionConfigurationPlatforms) = preSolution
		Debug|Any CPU = Debug|Any CPU
		Release|Any CPU = Release|Any CPU
	EndGlobalSection
	GlobalSection(ProjectConfigurationPlatforms) = postSolution
		{3F69FFCC-E9DB-425B-BC1C-0F65E660401F}.Debug|Any CPU.ActiveCfg = Debug|Any CPU
		{3F69FFCC-E9DB-425B-BC1C-0F65E660401F}.Debug|Any CPU.Build.0 = Debug|Any CPU
		{3F69FFCC-E9DB-425B-BC1C-0F65E660401F}.Release|Any CPU.ActiveCfg = Release|Any CPU
		{3F69FFCC-E9DB-425B-BC1C-0F65E660401F}.Release|Any CPU.Build.0 = Release|Any CPU
	EndGlobalSection
	GlobalSection(SolutionProperties) = preSolution
		HideSolutionNode = FALSE
	EndGlobalSection
	GlobalSection(ExtensibilityGlobals) = postSolution
		SolutionGuid = {0E4ED06B-18F8-46CC-8ABE-955BDB49AF9A}
	EndGlobalSection
EndGlobal
